// !$*UTF8*$!
{
	archiveVersion = 1;
	classes = {
	};
	objectVersion = 50;
	objects = {

/* Begin PBXBuildFile section */
		486F812D2100539000DF80DD /* AppDelegate.swift in Sources */ = {isa = PBXBuildFile; fileRef = 486F812C2100539000DF80DD /* AppDelegate.swift */; };
		486F812F2100539000DF80DD /* ViewController.swift in Sources */ = {isa = PBXBuildFile; fileRef = 486F812E2100539000DF80DD /* ViewController.swift */; };
		486F81322100539000DF80DD /* Main.storyboard in Resources */ = {isa = PBXBuildFile; fileRef = 486F81302100539000DF80DD /* Main.storyboard */; };
		486F81342100539200DF80DD /* Assets.xcassets in Resources */ = {isa = PBXBuildFile; fileRef = 486F81332100539200DF80DD /* Assets.xcassets */; };
		486F81372100539200DF80DD /* LaunchScreen.storyboard in Resources */ = {isa = PBXBuildFile; fileRef = 486F81352100539200DF80DD /* LaunchScreen.storyboard */; };
		486F81422100539300DF80DD /* Aliexpress_DropshipperTests.swift in Sources */ = {isa = PBXBuildFile; fileRef = 486F81412100539300DF80DD /* Aliexpress_DropshipperTests.swift */; };
		486F814D2100539300DF80DD /* Aliexpress_DropshipperUITests.swift in Sources */ = {isa = PBXBuildFile; fileRef = 486F814C2100539300DF80DD /* Aliexpress_DropshipperUITests.swift */; };
/* End PBXBuildFile section */

/* Begin PBXContainerItemProxy section */
		486F813E2100539300DF80DD /* PBXContainerItemProxy */ = {
			isa = PBXContainerItemProxy;
			containerPortal = 486F81212100539000DF80DD /* Project object */;
			proxyType = 1;
			remoteGlobalIDString = 486F81282100539000DF80DD;
			remoteInfo = "Aliexpress Dropshipper";
		};
		486F81492100539300DF80DD /* PBXContainerItemProxy */ = {
			isa = PBXContainerItemProxy;
			containerPortal = 486F81212100539000DF80DD /* Project object */;
			proxyType = 1;
			remoteGlobalIDString = 486F81282100539000DF80DD;
			remoteInfo = "Aliexpress Dropshipper";
		};
/* End PBXContainerItemProxy section */

/* Begin PBXFileReference section */
		486F81292100539000DF80DD /* Aliexpress Dropshipper.app */ = {isa = PBXFileReference; explicitFileType = wrapper.application; includeInIndex = 0; path = "Aliexpress Dropshipper.app"; sourceTree = BUILT_PRODUCTS_DIR; };
		486F812C2100539000DF80DD /* AppDelegate.swift */ = {isa = PBXFileReference; lastKnownFileType = sourcecode.swift; path = AppDelegate.swift; sourceTree = "<group>"; };
		486F812E2100539000DF80DD /* ViewController.swift */ = {isa = PBXFileReference; lastKnownFileType = sourcecode.swift; path = ViewController.swift; sourceTree = "<group>"; };
		486F81312100539000DF80DD /* Base */ = {isa = PBXFileReference; lastKnownFileType = file.storyboard; name = Base; path = Base.lproj/Main.storyboard; sourceTree = "<group>"; };
		486F81332100539200DF80DD /* Assets.xcassets */ = {isa = PBXFileReference; lastKnownFileType = folder.assetcatalog; path = Assets.xcassets; sourceTree = "<group>"; };
		486F81362100539200DF80DD /* Base */ = {isa = PBXFileReference; lastKnownFileType = file.storyboard; name = Base; path = Base.lproj/LaunchScreen.storyboard; sourceTree = "<group>"; };
		486F81382100539200DF80DD /* Info.plist */ = {isa = PBXFileReference; lastKnownFileType = text.plist.xml; path = Info.plist; sourceTree = "<group>"; };
		486F813D2100539300DF80DD /* Aliexpress DropshipperTests.xctest */ = {isa = PBXFileReference; explicitFileType = wrapper.cfbundle; includeInIndex = 0; path = "Aliexpress DropshipperTests.xctest"; sourceTree = BUILT_PRODUCTS_DIR; };
		486F81412100539300DF80DD /* Aliexpress_DropshipperTests.swift */ = {isa = PBXFileReference; lastKnownFileType = sourcecode.swift; path = Aliexpress_DropshipperTests.swift; sourceTree = "<group>"; };
		486F81432100539300DF80DD /* Info.plist */ = {isa = PBXFileReference; lastKnownFileType = text.plist.xml; path = Info.plist; sourceTree = "<group>"; };
		486F81482100539300DF80DD /* Aliexpress DropshipperUITests.xctest */ = {isa = PBXFileReference; explicitFileType = wrapper.cfbundle; includeInIndex = 0; path = "Aliexpress DropshipperUITests.xctest"; sourceTree = BUILT_PRODUCTS_DIR; };
		486F814C2100539300DF80DD /* Aliexpress_DropshipperUITests.swift */ = {isa = PBXFileReference; lastKnownFileType = sourcecode.swift; path = Aliexpress_DropshipperUITests.swift; sourceTree = "<group>"; };
		486F814E2100539300DF80DD /* Info.plist */ = {isa = PBXFileReference; lastKnownFileType = text.plist.xml; path = Info.plist; sourceTree = "<group>"; };
/* End PBXFileReference section */

/* Begin PBXFrameworksBuildPhase section */
		486F81262100539000DF80DD /* Frameworks */ = {
			isa = PBXFrameworksBuildPhase;
			buildActionMask = 2147483647;
			files = (
			);
			runOnlyForDeploymentPostprocessing = 0;
		};
		486F813A2100539300DF80DD /* Frameworks */ = {
			isa = PBXFrameworksBuildPhase;
			buildActionMask = 2147483647;
			files = (
			);
			runOnlyForDeploymentPostprocessing = 0;
		};
		486F81452100539300DF80DD /* Frameworks */ = {
			isa = PBXFrameworksBuildPhase;
			buildActionMask = 2147483647;
			files = (
			);
			runOnlyForDeploymentPostprocessing = 0;
		};
/* End PBXFrameworksBuildPhase section */

/* Begin PBXGroup section */
		486F81202100539000DF80DD = {
			isa = PBXGroup;
			children = (
				486F812B2100539000DF80DD /* Aliexpress Dropshipper */,
				486F81402100539300DF80DD /* Aliexpress DropshipperTests */,
				486F814B2100539300DF80DD /* Aliexpress DropshipperUITests */,
				486F812A2100539000DF80DD /* Products */,
			);
			sourceTree = "<group>";
		};
		486F812A2100539000DF80DD /* Products */ = {
			isa = PBXGroup;
			children = (
				486F81292100539000DF80DD /* Aliexpress Dropshipper.app */,
				486F813D2100539300DF80DD /* Aliexpress DropshipperTests.xctest */,
				486F81482100539300DF80DD /* Aliexpress DropshipperUITests.xctest */,
			);
			name = Products;
			sourceTree = "<group>";
		};
		486F812B2100539000DF80DD /* Aliexpress Dropshipper */ = {
			isa = PBXGroup;
			children = (
				486F812C2100539000DF80DD /* AppDelegate.swift */,
				486F812E2100539000DF80DD /* ViewController.swift */,
				486F81302100539000DF80DD /* Main.storyboard */,
				486F81332100539200DF80DD /* Assets.xcassets */,
				486F81352100539200DF80DD /* LaunchScreen.storyboard */,
				486F81382100539200DF80DD /* Info.plist */,
			);
			path = "Aliexpress Dropshipper";
			sourceTree = "<group>";
		};
		486F81402100539300DF80DD /* Aliexpress DropshipperTests */ = {
			isa = PBXGroup;
			children = (
				486F81412100539300DF80DD /* Aliexpress_DropshipperTests.swift */,
				486F81432100539300DF80DD /* Info.plist */,
			);
			path = "Aliexpress DropshipperTests";
			sourceTree = "<group>";
		};
		486F814B2100539300DF80DD /* Aliexpress DropshipperUITests */ = {
			isa = PBXGroup;
			children = (
				486F814C2100539300DF80DD /* Aliexpress_DropshipperUITests.swift */,
				486F814E2100539300DF80DD /* Info.plist */,
			);
			path = "Aliexpress DropshipperUITests";
			sourceTree = "<group>";
		};
/* End PBXGroup section */

/* Begin PBXNativeTarget section */
		486F81282100539000DF80DD /* Aliexpress Dropshipper */ = {
			isa = PBXNativeTarget;
			buildConfigurationList = 486F81512100539300DF80DD /* Build configuration list for PBXNativeTarget "Aliexpress Dropshipper" */;
			buildPhases = (
				486F81252100539000DF80DD /* Sources */,
				486F81262100539000DF80DD /* Frameworks */,
				486F81272100539000DF80DD /* Resources */,
			);
			buildRules = (
			);
			dependencies = (
			);
			name = "Aliexpress Dropshipper";
			productName = "Aliexpress Dropshipper";
			productReference = 486F81292100539000DF80DD /* Aliexpress Dropshipper.app */;
			productType = "com.apple.product-type.application";
		};
		486F813C2100539300DF80DD /* Aliexpress DropshipperTests */ = {
			isa = PBXNativeTarget;
			buildConfigurationList = 486F81542100539300DF80DD /* Build configuration list for PBXNativeTarget "Aliexpress DropshipperTests" */;
			buildPhases = (
				486F81392100539300DF80DD /* Sources */,
				486F813A2100539300DF80DD /* Frameworks */,
				486F813B2100539300DF80DD /* Resources */,
			);
			buildRules = (
			);
			dependencies = (
				486F813F2100539300DF80DD /* PBXTargetDependency */,
			);
			name = "Aliexpress DropshipperTests";
			productName = "Aliexpress DropshipperTests";
			productReference = 486F813D2100539300DF80DD /* Aliexpress DropshipperTests.xctest */;
			productType = "com.apple.product-type.bundle.unit-test";
		};
		486F81472100539300DF80DD /* Aliexpress DropshipperUITests */ = {
			isa = PBXNativeTarget;
			buildConfigurationList = 486F81572100539300DF80DD /* Build configuration list for PBXNativeTarget "Aliexpress DropshipperUITests" */;
			buildPhases = (
				486F81442100539300DF80DD /* Sources */,
				486F81452100539300DF80DD /* Frameworks */,
				486F81462100539300DF80DD /* Resources */,
			);
			buildRules = (
			);
			dependencies = (
				486F814A2100539300DF80DD /* PBXTargetDependency */,
			);
			name = "Aliexpress DropshipperUITests";
			productName = "Aliexpress DropshipperUITests";
			productReference = 486F81482100539300DF80DD /* Aliexpress DropshipperUITests.xctest */;
			productType = "com.apple.product-type.bundle.ui-testing";
		};
/* End PBXNativeTarget section */

/* Begin PBXProject section */
		486F81212100539000DF80DD /* Project object */ = {
			isa = PBXProject;
			attributes = {
				LastSwiftUpdateCheck = 0940;
				LastUpgradeCheck = 0940;
				ORGANIZATIONNAME = "Kevin Bai";
				TargetAttributes = {
					486F81282100539000DF80DD = {
						CreatedOnToolsVersion = 9.4.1;
					};
					486F813C2100539300DF80DD = {
						CreatedOnToolsVersion = 9.4.1;
						TestTargetID = 486F81282100539000DF80DD;
					};
					486F81472100539300DF80DD = {
						CreatedOnToolsVersion = 9.4.1;
						TestTargetID = 486F81282100539000DF80DD;
					};
				};
			};
			buildConfigurationList = 486F81242100539000DF80DD /* Build configuration list for PBXProject "Aliexpress Dropshipper" */;
			compatibilityVersion = "Xcode 9.3";
			developmentRegion = en;
			hasScannedForEncodings = 0;
			knownRegions = (
				en,
				Base,
			);
			mainGroup = 486F81202100539000DF80DD;
			productRefGroup = 486F812A2100539000DF80DD /* Products */;
			projectDirPath = "";
			projectRoot = "";
			targets = (
				486F81282100539000DF80DD /* Aliexpress Dropshipper */,
				486F813C2100539300DF80DD /* Aliexpress DropshipperTests */,
				486F81472100539300DF80DD /* Aliexpress DropshipperUITests */,
			);
		};
/* End PBXProject section */

/* Begin PBXResourcesBuildPhase section */
		486F81272100539000DF80DD /* Resources */ = {
			isa = PBXResourcesBuildPhase;
			buildActionMask = 2147483647;
			files = (
				486F81372100539200DF80DD /* LaunchScreen.storyboard in Resources */,
				486F81342100539200DF80DD /* Assets.xcassets in Resources */,
				486F81322100539000DF80DD /* Main.storyboard in Resources */,
			);
			runOnlyForDeploymentPostprocessing = 0;
		};
		486F813B2100539300DF80DD /* Resources */ = {
			isa = PBXResourcesBuildPhase;
			buildActionMask = 2147483647;
			files = (
			);
			runOnlyForDeploymentPostprocessing = 0;
		};
		486F81462100539300DF80DD /* Resources */ = {
			isa = PBXResourcesBuildPhase;
			buildActionMask = 2147483647;
			files = (
			);
			runOnlyForDeploymentPostprocessing = 0;
		};
/* End PBXResourcesBuildPhase section */

/* Begin PBXSourcesBuildPhase section */
		486F81252100539000DF80DD /* Sources */ = {
			isa = PBXSourcesBuildPhase;
			buildActionMask = 2147483647;
			files = (
				486F812F2100539000DF80DD /* ViewController.swift in Sources */,
				486F812D2100539000DF80DD /* AppDelegate.swift in Sources */,
			);
			runOnlyForDeploymentPostprocessing = 0;
		};
		486F81392100539300DF80DD /* Sources */ = {
			isa = PBXSourcesBuildPhase;
			buildActionMask = 2147483647;
			files = (
				486F81422100539300DF80DD /* Aliexpress_DropshipperTests.swift in Sources */,
			);
			runOnlyForDeploymentPostprocessing = 0;
		};
		486F81442100539300DF80DD /* Sources */ = {
			isa = PBXSourcesBuildPhase;
			buildActionMask = 2147483647;
			files = (
				486F814D2100539300DF80DD /* Aliexpress_DropshipperUITests.swift in Sources */,
			);
			runOnlyForDeploymentPostprocessing = 0;
		};
/* End PBXSourcesBuildPhase section */

/* Begin PBXTargetDependency section */
		486F813F2100539300DF80DD /* PBXTargetDependency */ = {
			isa = PBXTargetDependency;
			target = 486F81282100539000DF80DD /* Aliexpress Dropshipper */;
			targetProxy = 486F813E2100539300DF80DD /* PBXContainerItemProxy */;
		};
		486F814A2100539300DF80DD /* PBXTargetDependency */ = {
			isa = PBXTargetDependency;
			target = 486F81282100539000DF80DD /* Aliexpress Dropshipper */;
			targetProxy = 486F81492100539300DF80DD /* PBXContainerItemProxy */;
		};
/* End PBXTargetDependency section */

/* Begin PBXVariantGroup section */
		486F81302100539000DF80DD /* Main.storyboard */ = {
			isa = PBXVariantGroup;
			children = (
				486F81312100539000DF80DD /* Base */,
			);
			name = Main.storyboard;
			sourceTree = "<group>";
		};
		486F81352100539200DF80DD /* LaunchScreen.storyboard */ = {
			isa = PBXVariantGroup;
			children = (
				486F81362100539200DF80DD /* Base */,
			);
			name = LaunchScreen.storyboard;
			sourceTree = "<group>";
		};
/* End PBXVariantGroup section */

/* Begin XCBuildConfiguration section */
		486F814F2100539300DF80DD /* Debug */ = {
			isa = XCBuildConfiguration;
			buildSettings = {
				ALWAYS_SEARCH_USER_PATHS = NO;
				CLANG_ANALYZER_NONNULL = YES;
				CLANG_ANALYZER_NUMBER_OBJECT_CONVERSION = YES_AGGRESSIVE;
				CLANG_CXX_LANGUAGE_STANDARD = "gnu++14";
				CLANG_CXX_LIBRARY = "libc++";
				CLANG_ENABLE_MODULES = YES;
				CLANG_ENABLE_OBJC_ARC = YES;
				CLANG_ENABLE_OBJC_WEAK = YES;
				CLANG_WARN_BLOCK_CAPTURE_AUTORELEASING = YES;
				CLANG_WARN_BOOL_CONVERSION = YES;
				CLANG_WARN_COMMA = YES;
				CLANG_WARN_CONSTANT_CONVERSION = YES;
				CLANG_WARN_DEPRECATED_OBJC_IMPLEMENTATIONS = YES;
				CLANG_WARN_DIRECT_OBJC_ISA_USAGE = YES_ERROR;
				CLANG_WARN_DOCUMENTATION_COMMENTS = YES;
				CLANG_WARN_EMPTY_BODY = YES;
				CLANG_WARN_ENUM_CONVERSION = YES;
				CLANG_WARN_INFINITE_RECURSION = YES;
				CLANG_WARN_INT_CONVERSION = YES;
				CLANG_WARN_NON_LITERAL_NULL_CONVERSION = YES;
				CLANG_WARN_OBJC_IMPLICIT_RETAIN_SELF = YES;
				CLANG_WARN_OBJC_LITERAL_CONVERSION = YES;
				CLANG_WARN_OBJC_ROOT_CLASS = YES_ERROR;
				CLANG_WARN_RANGE_LOOP_ANALYSIS = YES;
				CLANG_WARN_STRICT_PROTOTYPES = YES;
				CLANG_WARN_SUSPICIOUS_MOVE = YES;
				CLANG_WARN_UNGUARDED_AVAILABILITY = YES_AGGRESSIVE;
				CLANG_WARN_UNREACHABLE_CODE = YES;
				CLANG_WARN__DUPLICATE_METHOD_MATCH = YES;
				CODE_SIGN_IDENTITY = "iPhone Developer";
				COPY_PHASE_STRIP = NO;
				DEBUG_INFORMATION_FORMAT = dwarf;
				ENABLE_STRICT_OBJC_MSGSEND = YES;
				ENABLE_TESTABILITY = YES;
				GCC_C_LANGUAGE_STANDARD = gnu11;
				GCC_DYNAMIC_NO_PIC = NO;
				GCC_NO_COMMON_BLOCKS = YES;
				GCC_OPTIMIZATION_LEVEL = 0;
				GCC_PREPROCESSOR_DEFINITIONS = (
					"DEBUG=1",
					"$(inherited)",
				);
				GCC_WARN_64_TO_32_BIT_CONVERSION = YES;
				GCC_WARN_ABOUT_RETURN_TYPE = YES_ERROR;
				GCC_WARN_UNDECLARED_SELECTOR = YES;
				GCC_WARN_UNINITIALIZED_AUTOS = YES_AGGRESSIVE;
				GCC_WARN_UNUSED_FUNCTION = YES;
				GCC_WARN_UNUSED_VARIABLE = YES;
				IPHONEOS_DEPLOYMENT_TARGET = 11.4;
				MTL_ENABLE_DEBUG_INFO = YES;
				ONLY_ACTIVE_ARCH = YES;
				SDKROOT = iphoneos;
				SWIFT_ACTIVE_COMPILATION_CONDITIONS = DEBUG;
				SWIFT_OPTIMIZATION_LEVEL = "-Onone";
			};
			name = Debug;
		};
		486F81502100539300DF80DD /* Release */ = {
			isa = XCBuildConfiguration;
			buildSettings = {
				ALWAYS_SEARCH_USER_PATHS = NO;
				CLANG_ANALYZER_NONNULL = YES;
				CLANG_ANALYZER_NUMBER_OBJECT_CONVERSION = YES_AGGRESSIVE;
				CLANG_CXX_LANGUAGE_STANDARD = "gnu++14";
				CLANG_CXX_LIBRARY = "libc++";
				CLANG_ENABLE_MODULES = YES;
				CLANG_ENABLE_OBJC_ARC = YES;
				CLANG_ENABLE_OBJC_WEAK = YES;
				CLANG_WARN_BLOCK_CAPTURE_AUTORELEASING = YES;
				CLANG_WARN_BOOL_CONVERSION = YES;
				CLANG_WARN_COMMA = YES;
				CLANG_WARN_CONSTANT_CONVERSION = YES;
				CLANG_WARN_DEPRECATED_OBJC_IMPLEMENTATIONS = YES;
				CLANG_WARN_DIRECT_OBJC_ISA_USAGE = YES_ERROR;
				CLANG_WARN_DOCUMENTATION_COMMENTS = YES;
				CLANG_WARN_EMPTY_BODY = YES;
				CLANG_WARN_ENUM_CONVERSION = YES;
				CLANG_WARN_INFINITE_RECURSION = YES;
				CLANG_WARN_INT_CONVERSION = YES;
				CLANG_WARN_NON_LITERAL_NULL_CONVERSION = YES;
				CLANG_WARN_OBJC_IMPLICIT_RETAIN_SELF = YES;
				CLANG_WARN_OBJC_LITERAL_CONVERSION = YES;
				CLANG_WARN_OBJC_ROOT_CLASS = YES_ERROR;
				CLANG_WARN_RANGE_LOOP_ANALYSIS = YES;
				CLANG_WARN_STRICT_PROTOTYPES = YES;
				CLANG_WARN_SUSPICIOUS_MOVE = YES;
				CLANG_WARN_UNGUARDED_AVAILABILITY = YES_AGGRESSIVE;
				CLANG_WARN_UNREACHABLE_CODE = YES;
				CLANG_WARN__DUPLICATE_METHOD_MATCH = YES;
				CODE_SIGN_IDENTITY = "iPhone Developer";
				COPY_PHASE_STRIP = NO;
				DEBUG_INFORMATION_FORMAT = "dwarf-with-dsym";
				ENABLE_NS_ASSERTIONS = NO;
				ENABLE_STRICT_OBJC_MSGSEND = YES;
				GCC_C_LANGUAGE_STANDARD = gnu11;
				GCC_NO_COMMON_BLOCKS = YES;
				GCC_WARN_64_TO_32_BIT_CONVERSION = YES;
				GCC_WARN_ABOUT_RETURN_TYPE = YES_ERROR;
				GCC_WARN_UNDECLARED_SELECTOR = YES;
				GCC_WARN_UNINITIALIZED_AUTOS = YES_AGGRESSIVE;
				GCC_WARN_UNUSED_FUNCTION = YES;
				GCC_WARN_UNUSED_VARIABLE = YES;
				IPHONEOS_DEPLOYMENT_TARGET = 11.4;
				MTL_ENABLE_DEBUG_INFO = NO;
				SDKROOT = iphoneos;
				SWIFT_COMPILATION_MODE = wholemodule;
				SWIFT_OPTIMIZATION_LEVEL = "-O";
				VALIDATE_PRODUCT = YES;
			};
			name = Release;
		};
		486F81522100539300DF80DD /* Debug */ = {
			isa = XCBuildConfiguration;
			buildSettings = {
				ASSETCATALOG_COMPILER_APPICON_NAME = AppIcon;
				CODE_SIGN_STYLE = Automatic;
				DEVELOPMENT_TEAM = GP66P7566P;
				INFOPLIST_FILE = "Aliexpress Dropshipper/Info.plist";
				LD_RUNPATH_SEARCH_PATHS = (
					"$(inherited)",
					"@executable_path/Frameworks",
				);
				PRODUCT_BUNDLE_IDENTIFIER = "com.kevinbai.Aliexpress-Dropshipper";
				PRODUCT_NAME = "$(TARGET_NAME)";
				SWIFT_VERSION = 4.0;
				TARGETED_DEVICE_FAMILY = "1,2";
			};
			name = Debug;
		};
		486F81532100539300DF80DD /* Release */ = {
			isa = XCBuildConfiguration;
			buildSettings = {
				ASSETCATALOG_COMPILER_APPICON_NAME = AppIcon;
				CODE_SIGN_STYLE = Automatic;
				DEVELOPMENT_TEAM = GP66P7566P;
				INFOPLIST_FILE = "Aliexpress Dropshipper/Info.plist";
				LD_RUNPATH_SEARCH_PATHS = (
					"$(inherited)",
					"@executable_path/Frameworks",
				);
				PRODUCT_BUNDLE_IDENTIFIER = "com.kevinbai.Aliexpress-Dropshipper";
				PRODUCT_NAME = "$(TARGET_NAME)";
				SWIFT_VERSION = 4.0;
				TARGETED_DEVICE_FAMILY = "1,2";
			};
			name = Release;
		};
		486F81552100539300DF80DD /* Debug */ = {
			isa = XCBuildConfiguration;
			buildSettings = {
				ALWAYS_EMBED_SWIFT_STANDARD_LIBRARIES = YES;
				BUNDLE_LOADER = "$(TEST_HOST)";
				CODE_SIGN_STYLE = Automatic;
				DEVELOPMENT_TEAM = GP66P7566P;
				INFOPLIST_FILE = "Aliexpress DropshipperTests/Info.plist";
				LD_RUNPATH_SEARCH_PATHS = (
					"$(inherited)",
					"@executable_path/Frameworks",
					"@loader_path/Frameworks",
				);
				PRODUCT_BUNDLE_IDENTIFIER = "com.kevinbai.Aliexpress-DropshipperTests";
				PRODUCT_NAME = "$(TARGET_NAME)";
				SWIFT_VERSION = 4.0;
				TARGETED_DEVICE_FAMILY = "1,2";
				TEST_HOST = "$(BUILT_PRODUCTS_DIR)/Aliexpress Dropshipper.app/Aliexpress Dropshipper";
			};
			name = Debug;
		};
		486F81562100539300DF80DD /* Release */ = {
			isa = XCBuildConfiguration;
			buildSettings = {
				ALWAYS_EMBED_SWIFT_STANDARD_LIBRARIES = YES;
				BUNDLE_LOADER = "$(TEST_HOST)";
				CODE_SIGN_STYLE = Automatic;
				DEVELOPMENT_TEAM = GP66P7566P;
				INFOPLIST_FILE = "Aliexpress DropshipperTests/Info.plist";
				LD_RUNPATH_SEARCH_PATHS = (
					"$(inherited)",
					"@executable_path/Frameworks",
					"@loader_path/Frameworks",
				);
				PRODUCT_BUNDLE_IDENTIFIER = "com.kevinbai.Aliexpress-DropshipperTests";
				PRODUCT_NAME = "$(TARGET_NAME)";
				SWIFT_VERSION = 4.0;
				TARGETED_DEVICE_FAMILY = "1,2";
				TEST_HOST = "$(BUILT_PRODUCTS_DIR)/Aliexpress Dropshipper.app/Aliexpress Dropshipper";
			};
			name = Release;
		};
		486F81582100539300DF80DD /* Debug */ = {
			isa = XCBuildConfiguration;
			buildSettings = {
				ALWAYS_EMBED_SWIFT_STANDARD_LIBRARIES = YES;
				CODE_SIGN_STYLE = Automatic;
				DEVELOPMENT_TEAM = GP66P7566P;
				INFOPLIST_FILE = "Aliexpress DropshipperUITests/Info.plist";
				LD_RUNPATH_SEARCH_PATHS = (
					"$(inherited)",
					"@executable_path/Frameworks",
					"@loader_path/Frameworks",
				);
				PRODUCT_BUNDLE_IDENTIFIER = "com.kevinbai.Aliexpress-DropshipperUITests";
				PRODUCT_NAME = "$(TARGET_NAME)";
				SWIFT_VERSION = 4.0;
				TARGETED_DEVICE_FAMILY = "1,2";
				TEST_TARGET_NAME = "Aliexpress Dropshipper";
			};
			name = Debug;
		};
		486F81592100539300DF80DD /* Release */ = {
			isa = XCBuildConfiguration;
			buildSettings = {
				ALWAYS_EMBED_SWIFT_STANDARD_LIBRARIES = YES;
				CODE_SIGN_STYLE = Automatic;
				DEVELOPMENT_TEAM = GP66P7566P;
				INFOPLIST_FILE = "Aliexpress DropshipperUITests/Info.plist";
				LD_RUNPATH_SEARCH_PATHS = (
					"$(inherited)",
					"@executable_path/Frameworks",
					"@loader_path/Frameworks",
				);
				PRODUCT_BUNDLE_IDENTIFIER = "com.kevinbai.Aliexpress-DropshipperUITests";
				PRODUCT_NAME = "$(TARGET_NAME)";
				SWIFT_VERSION = 4.0;
				TARGETED_DEVICE_FAMILY = "1,2";
				TEST_TARGET_NAME = "Aliexpress Dropshipper";
			};
			name = Release;
		};
/* End XCBuildConfiguration section */

/* Begin XCConfigurationList section */
		486F81242100539000DF80DD /* Build configuration list for PBXProject "Aliexpress Dropshipper" */ = {
			isa = XCConfigurationList;
			buildConfigurations = (
				486F814F2100539300DF80DD /* Debug */,
				486F81502100539300DF80DD /* Release */,
			);
			defaultConfigurationIsVisible = 0;
			defaultConfigurationName = Release;
		};
		486F81512100539300DF80DD /* Build configuration list for PBXNativeTarget "Aliexpress Dropshipper" */ = {
			isa = XCConfigurationList;
			buildConfigurations = (
				486F81522100539300DF80DD /* Debug */,
				486F81532100539300DF80DD /* Release */,
			);
			defaultConfigurationIsVisible = 0;
			defaultConfigurationName = Release;
		};
		486F81542100539300DF80DD /* Build configuration list for PBXNativeTarget "Aliexpress DropshipperTests" */ = {
			isa = XCConfigurationList;
			buildConfigurations = (
				486F81552100539300DF80DD /* Debug */,
				486F81562100539300DF80DD /* Release */,
			);
			defaultConfigurationIsVisible = 0;
			defaultConfigurationName = Release;
		};
		486F81572100539300DF80DD /* Build configuration list for PBXNativeTarget "Aliexpress DropshipperUITests" */ = {
			isa = XCConfigurationList;
			buildConfigurations = (
				486F81582100539300DF80DD /* Debug */,
				486F81592100539300DF80DD /* Release */,
			);
			defaultConfigurationIsVisible = 0;
			defaultConfigurationName = Release;
		};
/* End XCConfigurationList section */
	};
	rootObject = 486F81212100539000DF80DD /* Project object */;
}
